
Microsoft Visual Studio Solution File, Format Version 12.00
# Visual Studio Version 16
VisualStudioVersion = 16.0.30204.135
MinimumVisualStudioVersion = 10.0.40219.1
Project("{9A19103F-16F7-4668-BE54-9A1E7A4F7556}") = "FrozenGold", "FrozenGold\FrozenGold.csproj", "{E922B108-6CDF-4FB6-88CC-3192BA5412A9}"
EndProject
Project("{9A19103F-16F7-4668-BE54-9A1E7A4F7556}") = "FrozenGold.Test", "FrozenGold.Test\FrozenGold.Test.csproj", "{F8A7D30A-FC0A-44B0-99D2-535F03F544F1}"
EndProject
Project("{9A19103F-16F7-4668-BE54-9A1E7A4F7556}") = "FrozenGold.Console", "FrozenGold.Console\FrozenGold.Console.csproj", "{2F182B2A-7B70-4C81-B494-69AAADE3BE4E}"
EndProject
Project("{9A19103F-16F7-4668-BE54-9A1E7A4F7556}") = "FrozenGold.Web", "FrozenGold.Web\FrozenGold.Web.csproj", "{6CB5B026-1CDC-4AA9-9376-AD39AE515513}"
EndProject
Project("{9A19103F-16F7-4668-BE54-9A1E7A4F7556}") = "FrozenGold.Api", "FrozenGold.Api\FrozenGold.Api.csproj", "{87AAF0D1-6A86-4847-8FFC-1CF4AC6BC7B7}"
EndProject
Global
	GlobalSection(SolutionConfigurationPlatforms) = preSolution
		Debug|Any CPU = Debug|Any CPU
		Release|Any CPU = Release|Any CPU
	EndGlobalSection
	GlobalSection(ProjectConfigurationPlatforms) = postSolution
		{E922B108-6CDF-4FB6-88CC-3192BA5412A9}.Debug|Any CPU.ActiveCfg = Debug|Any CPU
		{E922B108-6CDF-4FB6-88CC-3192BA5412A9}.Debug|Any CPU.Build.0 = Debug|Any CPU
		{E922B108-6CDF-4FB6-88CC-3192BA5412A9}.Release|Any CPU.ActiveCfg = Release|Any CPU
		{E922B108-6CDF-4FB6-88CC-3192BA5412A9}.Release|Any CPU.Build.0 = Release|Any CPU
		{F8A7D30A-FC0A-44B0-99D2-535F03F544F1}.Debug|Any CPU.ActiveCfg = Debug|Any CPU
		{F8A7D30A-FC0A-44B0-99D2-535F03F544F1}.Debug|Any CPU.Build.0 = Debug|Any CPU
		{F8A7D30A-FC0A-44B0-99D2-535F03F544F1}.Release|Any CPU.ActiveCfg = Release|Any CPU
		{F8A7D30A-FC0A-44B0-99D2-535F03F544F1}.Release|Any CPU.Build.0 = Release|Any CPU
		{2F182B2A-7B70-4C81-B494-69AAADE3BE4E}.Debug|Any CPU.ActiveCfg = Debug|Any CPU
		{2F182B2A-7B70-4C81-B494-69AAADE3BE4E}.Debug|Any CPU.Build.0 = Debug|Any CPU
		{2F182B2A-7B70-4C81-B494-69AAADE3BE4E}.Release|Any CPU.ActiveCfg = Release|Any CPU
		{2F182B2A-7B70-4C81-B494-69AAADE3BE4E}.Release|Any CPU.Build.0 = Release|Any CPU
		{6CB5B026-1CDC-4AA9-9376-AD39AE515513}.Debug|Any CPU.ActiveCfg = Debug|Any CPU
		{6CB5B026-1CDC-4AA9-9376-AD39AE515513}.Debug|Any CPU.Build.0 = Debug|Any CPU
		{6CB5B026-1CDC-4AA9-9376-AD39AE515513}.Release|Any CPU.ActiveCfg = Release|Any CPU
		{6CB5B026-1CDC-4AA9-9376-AD39AE515513}.Release|Any CPU.Build.0 = Release|Any CPU
		{87AAF0D1-6A86-4847-8FFC-1CF4AC6BC7B7}.Debug|Any CPU.ActiveCfg = Debug|Any CPU
		{87AAF0D1-6A86-4847-8FFC-1CF4AC6BC7B7}.Debug|Any CPU.Build.0 = Debug|Any CPU
		{87AAF0D1-6A86-4847-8FFC-1CF4AC6BC7B7}.Release|Any CPU.ActiveCfg = Release|Any CPU
		{87AAF0D1-6A86-4847-8FFC-1CF4AC6BC7B7}.Release|Any CPU.Build.0 = Release|Any CPU
	EndGlobalSection
	GlobalSection(SolutionProperties) = preSolution
		HideSolutionNode = FALSE
	EndGlobalSection
	GlobalSection(ExtensibilityGlobals) = postSolution
		SolutionGuid = {DED3E293-8BDD-418A-A59B-798567FD360A}
	EndGlobalSection
EndGlobal
